
Microsoft Visual Studio Solution File, Format Version 12.00
# Visual Studio Version 17
VisualStudioVersion = 17.3.32825.248
MinimumVisualStudioVersion = 10.0.40219.1
Project("{FAE04EC0-301F-11D3-BF4B-00C04F79EFBC}") = "OOO Sportivnye Tovary", "OOO Sportivnye Tovary\OOO Sportivnye Tovary.csproj", "{6FA008F9-7CEF-4A0A-A2AC-642A05B200CA}"
EndProject
Global
	GlobalSection(SolutionConfigurationPlatforms) = preSolution
		Debug|Any CPU = Debug|Any CPU
		Release|Any CPU = Release|Any CPU
	EndGlobalSection
	GlobalSection(ProjectConfigurationPlatforms) = postSolution
		{6FA008F9-7CEF-4A0A-A2AC-642A05B200CA}.Debug|Any CPU.ActiveCfg = Debug|Any CPU
		{6FA008F9-7CEF-4A0A-A2AC-642A05B200CA}.Debug|Any CPU.Build.0 = Debug|Any CPU
		{6FA008F9-7CEF-4A0A-A2AC-642A05B200CA}.Release|Any CPU.ActiveCfg = Release|Any CPU
		{6FA008F9-7CEF-4A0A-A2AC-642A05B200CA}.Release|Any CPU.Build.0 = Release|Any CPU
	EndGlobalSection
	GlobalSection(SolutionProperties) = preSolution
		HideSolutionNode = FALSE
	EndGlobalSection
	GlobalSection(ExtensibilityGlobals) = postSolution
		SolutionGuid = {F2BEB5DB-F474-4926-BD12-F21A17B11F16}
	EndGlobalSection
EndGlobal
